<?xml version="1.0" encoding="utf-8"?>
<Project ToolsVersion="4.0" xmlns="http://schemas.microsoft.com/developer/msbuild/2003">
  <ItemGroup>
    <Filter Include="源文件">
      <UniqueIdentifier>{4FC737F1-C7A5-4376-A066-2A32D752A2FF}</UniqueIdentifier>
      <Extensions>cpp;c;cc;cxx;c++;cppm;ixx;def;odl;idl;hpj;bat;asm;asmx</Extensions>
    </Filter>
    <Filter Include="头文件">
      <UniqueIdentifier>{93995380-89BD-4b04-88EB-625FBE52EBFB}</UniqueIdentifier>
      <Extensions>h;hh;hpp;hxx;h++;hm;inl;inc;ipp;xsd</Extensions>
    </Filter>
    <Filter Include="资源文件">
      <UniqueIdentifier>{67DA6AB6-F800-4c08-8B7A-83BB121AAD01}</UniqueIdentifier>
      <Extensions>rc;ico;cur;bmp;dlg;rc2;rct;bin;rgs;gif;jpg;jpeg;jpe;resx;tiff;tif;png;wav;mfcribbon-ms</Extensions>
    </Filter>
    <Filter Include="源文件\cpp">
      <UniqueIdentifier>{0deb3b7b-ab7a-47d8-8e65-99ff02db3c2d}</UniqueIdentifier>
    </Filter>
    <Filter Include="源文件\h">
      <UniqueIdentifier>{ce964337-f3a0-492c-9039-ab88dc7e9592}</UniqueIdentifier>
    </Filter>
  </ItemGroup>
  <ItemGroup>
    <ClCompile Include="LRU.cpp">
      <Filter>源文件\cpp</Filter>
    </ClCompile>
    <ClCompile Include="main.cpp">
      <Filter>源文件\cpp</Filter>
    </ClCompile>
    <ClCompile Include="翻转链表.cpp">
      <Filter>源文件\cpp</Filter>
    </ClCompile>
    <ClCompile Include="翻转链表.h">
      <Filter>源文件\h</Filter>
    </ClCompile>
    <ClCompile Include="二叉树的层次遍历.cpp">
      <Filter>源文件\cpp</Filter>
    </ClCompile>
    <ClCompile Include="字符串相加.cpp">
      <Filter>源文件\cpp</Filter>
    </ClCompile>
    <ClCompile Include="二叉树的右视图.cpp">
      <Filter>源文件\cpp</Filter>
    </ClCompile>
    <ClCompile Include="路径总和.cpp">
      <Filter>源文件\cpp</Filter>
    </ClCompile>
    <ClCompile Include="二叉树.cpp">
      <Filter>源文件\cpp</Filter>
    </ClCompile>
    <ClCompile Include="无重复的最长字串cpp.cpp">
      <Filter>源文件\cpp</Filter>
    </ClCompile>
    <ClCompile Include="k个一组翻转链表.cpp">
      <Filter>源文件\cpp</Filter>
    </ClCompile>
    <ClCompile Include="MyList.cpp">
      <Filter>源文件\cpp</Filter>
    </ClCompile>
    <ClCompile Include="两数相加.cpp">
      <Filter>源文件\cpp</Filter>
    </ClCompile>
    <ClCompile Include="二叉树的完全性检验.cpp">
      <Filter>源文件\cpp</Filter>
    </ClCompile>
    <ClCompile Include="连续子数组的最大和.cpp">
      <Filter>源文件\cpp</Filter>
    </ClCompile>
    <ClCompile Include="前K个高频元素.cpp">
      <Filter>源文件\cpp</Filter>
    </ClCompile>
    <ClCompile Include="对称二叉树.cpp">
      <Filter>源文件\cpp</Filter>
    </ClCompile>
    <ClCompile Include="段式回文.cpp">
      <Filter>源文件\cpp</Filter>
    </ClCompile>
    <ClCompile Include="翻转链表II.cpp">
      <Filter>源文件\cpp</Filter>
    </ClCompile>
    <ClCompile Include="有效的括号.cpp">
      <Filter>源文件\cpp</Filter>
    </ClCompile>
    <ClCompile Include="移动零.cpp">
      <Filter>源文件\cpp</Filter>
    </ClCompile>
    <ClCompile Include="链表的中间结点.cpp">
      <Filter>源文件\cpp</Filter>
    </ClCompile>
  </ItemGroup>
  <ItemGroup>
    <ClInclude Include="LRU.h">
      <Filter>源文件\h</Filter>
    </ClInclude>
    <ClInclude Include="tmp.h">
      <Filter>源文件\h</Filter>
    </ClInclude>
    <ClInclude Include="二叉树的层次遍历.h">
      <Filter>源文件\h</Filter>
    </ClInclude>
    <ClInclude Include="字符串相加.h">
      <Filter>源文件\h</Filter>
    </ClInclude>
    <ClInclude Include="二叉树的右视图.h">
      <Filter>源文件\h</Filter>
    </ClInclude>
    <ClInclude Include="路径总和.h">
      <Filter>源文件\h</Filter>
    </ClInclude>
    <ClInclude Include="二叉树.h">
      <Filter>源文件\h</Filter>
    </ClInclude>
    <ClInclude Include="无重复的最长字串.h">
      <Filter>源文件\h</Filter>
    </ClInclude>
    <ClInclude Include="k个一组翻转链表.h">
      <Filter>源文件\h</Filter>
    </ClInclude>
    <ClInclude Include="MyList.h">
      <Filter>源文件\h</Filter>
    </ClInclude>
    <ClInclude Include="两数相加.h">
      <Filter>源文件\h</Filter>
    </ClInclude>
    <ClInclude Include="二叉树的完全性检验.h">
      <Filter>源文件\h</Filter>
    </ClInclude>
    <ClInclude Include="连续子数组的最大和.h">
      <Filter>源文件\h</Filter>
    </ClInclude>
    <ClInclude Include="前K个高频元素.h">
      <Filter>源文件\h</Filter>
    </ClInclude>
    <ClInclude Include="对称二叉树.h">
      <Filter>源文件\h</Filter>
    </ClInclude>
    <ClInclude Include="段式回文.h">
      <Filter>源文件\h</Filter>
    </ClInclude>
    <ClInclude Include="翻转链表II.h">
      <Filter>源文件\h</Filter>
    </ClInclude>
    <ClInclude Include="有效的括号.h">
      <Filter>源文件\h</Filter>
    </ClInclude>
    <ClInclude Include="移动零.h">
      <Filter>源文件\h</Filter>
    </ClInclude>
    <ClInclude Include="链表的中间结点.h">
      <Filter>源文件\h</Filter>
    </ClInclude>
  </ItemGroup>
</Project>